schema: '2.0'
stages:
  preprocess:
    cmd: uv run python src/preprocess.py
    deps:
    - path: configs/params.yaml
      hash: md5
      md5: 21581ffbf6556ab34592d07ea16d199b
      size: 986
    - path: data/ieee_cis.parquet
      hash: md5
      md5: ba46a18a224f82711e6a91ec8dd45ad2
      size: 29751989
    - path: src/preprocess.py
      hash: md5
      md5: 01950e3fdd1629672fa19c6b8fd405a7
      size: 3635
    params:
      configs/params.yaml:
        dataset:
          csv_path: data/ieee_cis.parquet
          target_column: isFraud
          drop_columns:
          - TransactionID
          - TransactionDT
          numeric_features:
          - TransactionAmt
          categorical_features:
          - ProductCD
        preprocess:
          test_size: 0.2
          random_state: 42
    outs:
    - path: data/processed/stats.json
      hash: md5
      md5: bef248a2d1249613a75936ba93379f47
      size: 4791
    - path: data/processed/test.csv
      hash: md5
      md5: 2338b22096fc013702c1590b248e667b
      size: 398614
    - path: data/processed/train.csv
      hash: md5
      md5: 3371e14f582b7082ca39d533e25a23fa
      size: 1593586
  train:
    cmd: uv run python src/train.py
    deps:
    - path: data/processed/train.csv
      hash: md5
      md5: 3371e14f582b7082ca39d533e25a23fa
      size: 1593586
    - path: src/features.py
      hash: md5
      md5: 24c90900de30d735a0ffbd462f2f5795
      size: 1502
    - path: src/train.py
      hash: md5
      md5: 6d59dbe24f5388c31beebd001f612e75
      size: 7051
    params:
      configs/params.yaml:
        dataset:
          csv_path: data/ieee_cis.parquet
          target_column: isFraud
          drop_columns:
          - TransactionID
          - TransactionDT
          numeric_features:
          - TransactionAmt
          categorical_features:
          - ProductCD
        train:
          model_type: DecisionTreeClassifier
          random_state: 42
          max_depth:
          max_features:
          n_estimators: 100
          min_samples_split: 2
          min_samples_leaf: 1
          class_weight:
          bootstrap: true
          learning_rate: 0.1
          subsample: 1.0
          use_log_transform: false
    outs:
    - path: models/classifier.pkl
      hash: md5
      md5: 147ed0877a933e0f1e209060efdab285
      size: 429835
    - path: models/run_id.txt
      hash: md5
      md5: 8d8cee63aacb612ff377e9ca6c395858
      size: 32
  evaluate:
    cmd: uv run python src/evaluate.py
    deps:
    - path: data/processed/test.csv
      hash: md5
      md5: 2338b22096fc013702c1590b248e667b
      size: 398614
    - path: models/classifier.pkl
      hash: md5
      md5: 147ed0877a933e0f1e209060efdab285
      size: 429835
    - path: models/run_id.txt
      hash: md5
      md5: 8d8cee63aacb612ff377e9ca6c395858
      size: 32
    - path: src/evaluate.py
      hash: md5
      md5: 8e0d2118e112b0f79f04b8d3d8909412
      size: 4553
    - path: src/features.py
      hash: md5
      md5: 24c90900de30d735a0ffbd462f2f5795
      size: 1502
    params:
      configs/params.yaml:
        dataset:
          csv_path: data/ieee_cis.parquet
          target_column: isFraud
          drop_columns:
          - TransactionID
          - TransactionDT
          numeric_features:
          - TransactionAmt
          categorical_features:
          - ProductCD
        evaluate:
          primary_metric: auc_roc
          auto_promote: true
        train:
          model_type: DecisionTreeClassifier
          random_state: 42
          max_depth:
          max_features:
          n_estimators: 100
          min_samples_split: 2
          min_samples_leaf: 1
          class_weight:
          bootstrap: true
          learning_rate: 0.1
          subsample: 1.0
          use_log_transform: false
    outs:
    - path: metrics.json
      hash: md5
      md5: 7e1f857f115c51676b2b7a27f5765109
      size: 103
