schema: '2.0'
stages:
  preprocess:
    cmd: uv run python src/preprocess.py
    deps:
    - path: configs/params.yaml
      hash: md5
      md5: 01541e61ca77db382e97f578559f75f4
      size: 784
    - path: data/ieee_cis.parquet
      hash: md5
      md5: ba46a18a224f82711e6a91ec8dd45ad2
      size: 29751989
    - path: src/preprocess.py
      hash: md5
      md5: 1a1464baccbf5526404ca7457b48147d
      size: 3739
    params:
      configs/params.yaml:
        dataset:
          csv_path: data/ieee_cis.parquet
          target_column: isFraud
          drop_columns:
          - TransactionID
          - TransactionDT
          numeric_features:
          - TransactionAmt
          categorical_features:
          - ProductCD
        preprocess:
          test_size: 0.2
          random_state: 42
    outs:
    - path: data/processed/stats.json
      hash: md5
      md5: bef248a2d1249613a75936ba93379f47
      size: 4791
    - path: data/processed/test.csv
      hash: md5
      md5: 2338b22096fc013702c1590b248e667b
      size: 398614
    - path: data/processed/train.csv
      hash: md5
      md5: 3371e14f582b7082ca39d533e25a23fa
      size: 1593586
  train:
    cmd: uv run python src/train.py
    deps:
    - path: data/processed/train.csv
      hash: md5
      md5: 3371e14f582b7082ca39d533e25a23fa
      size: 1593586
    - path: src/features.py
      hash: md5
      md5: 24c90900de30d735a0ffbd462f2f5795
      size: 1502
    - path: src/train.py
      hash: md5
      md5: 21199b76db53150f20108b147418b2c4
      size: 6717
    params:
      configs/params.yaml:
        dataset:
          csv_path: data/ieee_cis.parquet
          target_column: isFraud
          drop_columns:
          - TransactionID
          - TransactionDT
          numeric_features:
          - TransactionAmt
          categorical_features:
          - ProductCD
        train:
          model_type: DecisionTreeClassifier
          random_state: 42
          max_depth:
          max_features:
          n_estimators: 100
          min_samples_split: 2
          min_samples_leaf: 1
          class_weight:
          bootstrap: true
          learning_rate: 0.1
          subsample: 1.0
          use_log_transform: false
    outs:
    - path: models/classifier.pkl
      hash: md5
      md5: e4e733e20d73b8b330e0b428ce1ceba0
      size: 429835
    - path: models/run_id.txt
      hash: md5
      md5: ec26855507a516ae3324d393e57999fc
      size: 32
  evaluate:
    cmd: uv run python src/evaluate.py
    deps:
    - path: data/processed/test.csv
      hash: md5
      md5: 2338b22096fc013702c1590b248e667b
      size: 398614
    - path: models/classifier.pkl
      hash: md5
      md5: e4e733e20d73b8b330e0b428ce1ceba0
      size: 429835
    - path: models/run_id.txt
      hash: md5
      md5: ec26855507a516ae3324d393e57999fc
      size: 32
    - path: src/evaluate.py
      hash: md5
      md5: 3ed95e641280e4a32970d381e1fe5fc5
      size: 4004
    - path: src/features.py
      hash: md5
      md5: 24c90900de30d735a0ffbd462f2f5795
      size: 1502
    params:
      configs/params.yaml:
        dataset:
          csv_path: data/ieee_cis.parquet
          target_column: isFraud
          drop_columns:
          - TransactionID
          - TransactionDT
          numeric_features:
          - TransactionAmt
          categorical_features:
          - ProductCD
        evaluate:
          primary_metric: auc_roc
          auto_promote: true
        train:
          model_type: DecisionTreeClassifier
          random_state: 42
          max_depth:
          max_features:
          n_estimators: 100
          min_samples_split: 2
          min_samples_leaf: 1
          class_weight:
          bootstrap: true
          learning_rate: 0.1
          subsample: 1.0
          use_log_transform: false
    outs:
    - path: metrics.json
      hash: md5
      md5: 7e1f857f115c51676b2b7a27f5765109
      size: 103
