schema: '2.0'
stages:
  preprocess:
    cmd: uv run python src/preprocess.py
    deps:
    - path: data/churn_data.csv
      hash: md5
      md5: 0f9de68e012bd3aed5fa7cdc9fc421af
      size: 977501
    - path: src/preprocess.py
      hash: md5
      md5: 1dd7de1c572aed66e41366094cd9a999
      size: 1805
    params:
      configs/params.yaml:
        preprocess:
          test_size: 0.2
          random_state: 42
    outs:
    - path: data/processed/stats.json
      hash: md5
      md5: 3dd8e3a9e3916a12da9aa3eb87999219
      size: 499
    - path: data/processed/test.csv
      hash: md5
      md5: 019d3eabc2bbf0d78e070f868897c5ff
      size: 177544
    - path: data/processed/train.csv
      hash: md5
      md5: f12b2091277037cdc140fad5b54d6c94
      size: 708275
  train:
    cmd: uv run python src/train.py
    deps:
    - path: data/processed/train.csv
      hash: md5
      md5: f12b2091277037cdc140fad5b54d6c94
      size: 708275
    - path: src/train.py
      hash: md5
      md5: 24a854b3b7fdf3319e6a4e273ef013e9
      size: 3031
    params:
      configs/params.yaml:
        train:
          n_estimators: 100
          random_state: 42
          model_type: RandomForestClassifier
    outs:
    - path: models/churn_model.pkl
      hash: md5
      md5: d0b8133f339324d78a09e0d7b50af7a4
      size: 19485748
    - path: models/run_id.txt
      hash: md5
      md5: 978879f939d477247656beb656858c54
      size: 32
  evaluate:
    cmd: uv run python src/evaluate.py
    deps:
    - path: data/processed/test.csv
      hash: md5
      md5: 019d3eabc2bbf0d78e070f868897c5ff
      size: 177544
    - path: models/churn_model.pkl
      hash: md5
      md5: d0b8133f339324d78a09e0d7b50af7a4
      size: 19485748
    - path: models/run_id.txt
      hash: md5
      md5: 978879f939d477247656beb656858c54
      size: 32
    - path: src/evaluate.py
      hash: md5
      md5: c5df7b483a07fa91ccfbb84c9613c385
      size: 4241
    params:
      configs/params.yaml:
        evaluate:
          primary_metric: auc_roc
          auto_promote: true
    outs:
    - path: metrics.json
      hash: md5
      md5: b4f5747c7c9fe5da74747cee30ac76fd
      size: 104
